
Microsoft Visual Studio Solution File, Format Version 12.00
# Visual Studio 15
VisualStudioVersion = 15.0.26430.12
MinimumVisualStudioVersion = 10.0.40219.1
Project("{FAE04EC0-301F-11D3-BF4B-00C04F79EFBC}") = "FusionDeployDemo", "FusionDeployDemo\FusionDeployDemo.csproj", "{2090C8BC-63DF-45B8-9175-B7D3DF5993A1}"
EndProject
Project("{FAE04EC0-301F-11D3-BF4B-00C04F79EFBC}") = "FusionDeployDemo.Tests", "FusionDeployDemo.Tests\FusionDeployDemo.Tests.csproj", "{2C8384F6-64F7-4941-90A0-C065DBFF9583}"
EndProject
Global
	GlobalSection(SolutionConfigurationPlatforms) = preSolution
		Debug|Any CPU = Debug|Any CPU
		Release|Any CPU = Release|Any CPU
	EndGlobalSection
	GlobalSection(ProjectConfigurationPlatforms) = postSolution
		{2090C8BC-63DF-45B8-9175-B7D3DF5993A1}.Debug|Any CPU.ActiveCfg = Debug|Any CPU
		{2090C8BC-63DF-45B8-9175-B7D3DF5993A1}.Debug|Any CPU.Build.0 = Debug|Any CPU
		{2090C8BC-63DF-45B8-9175-B7D3DF5993A1}.Release|Any CPU.ActiveCfg = Release|Any CPU
		{2090C8BC-63DF-45B8-9175-B7D3DF5993A1}.Release|Any CPU.Build.0 = Release|Any CPU
		{2C8384F6-64F7-4941-90A0-C065DBFF9583}.Debug|Any CPU.ActiveCfg = Debug|Any CPU
		{2C8384F6-64F7-4941-90A0-C065DBFF9583}.Debug|Any CPU.Build.0 = Debug|Any CPU
		{2C8384F6-64F7-4941-90A0-C065DBFF9583}.Release|Any CPU.ActiveCfg = Release|Any CPU
		{2C8384F6-64F7-4941-90A0-C065DBFF9583}.Release|Any CPU.Build.0 = Release|Any CPU
	EndGlobalSection
	GlobalSection(SolutionProperties) = preSolution
		HideSolutionNode = FALSE
	EndGlobalSection
EndGlobal
